// !$*UTF8*$!
{
	archiveVersion = 1;
	classes = {
	};
	objectVersion = 56;
	objects = {

/* Begin PBXBuildFile section */
		BB01BB01BB01BB01BB01BB01 /* AppIcon.icns in Resources */ = {isa = PBXBuildFile; fileRef = AA01AA01AA01AA01AA01AA01 /* AppIcon.icns */; };
		CC01CC01CC01CC01CC01CC01 /* CHANGELOG.md in Resources */ = {isa = PBXBuildFile; fileRef = CD01CD01CD01CD01CD01CD01 /* CHANGELOG.md */; };
		1A1A1A1A1A1A1A1A1A1A1A1A /* WhisperNoteApp.swift in Sources */ = {isa = PBXBuildFile; fileRef = 2A2A2A2A2A2A2A2A2A2A2A2A /* WhisperNoteApp.swift */; };
		1B1B1B1B1B1B1B1B1B1B1B1B /* ContentView.swift in Sources */ = {isa = PBXBuildFile; fileRef = 2B2B2B2B2B2B2B2B2B2B2B2B /* ContentView.swift */; };
		1C1C1C1C1C1C1C1C1C1C1C1C /* RecordingView.swift in Sources */ = {isa = PBXBuildFile; fileRef = 2C2C2C2C2C2C2C2C2C2C2C2C /* RecordingView.swift */; };
		1D1D1D1D1D1D1D1D1D1D1D1D /* TranscriptView.swift in Sources */ = {isa = PBXBuildFile; fileRef = 2D2D2D2D2D2D2D2D2D2D2D2D /* TranscriptView.swift */; };
		1E1E1E1E1E1E1E1E1E1E1E1E /* SummaryView.swift in Sources */ = {isa = PBXBuildFile; fileRef = 2E2E2E2E2E2E2E2E2E2E2E2E /* SummaryView.swift */; };
		1F1F1F1F1F1F1F1F1F1F1F1F /* SettingsView.swift in Sources */ = {isa = PBXBuildFile; fileRef = 2F2F2F2F2F2F2F2F2F2F2F2F /* SettingsView.swift */; };
		3A3A3A3A3A3A3A3A3A3A3A3A /* Models.swift in Sources */ = {isa = PBXBuildFile; fileRef = 4A4A4A4A4A4A4A4A4A4A4A4A /* Models.swift */; };
		3B3B3B3B3B3B3B3B3B3B3B3B /* AudioRecorder.swift in Sources */ = {isa = PBXBuildFile; fileRef = 4B4B4B4B4B4B4B4B4B4B4B4B /* AudioRecorder.swift */; };
		3C3C3C3C3C3C3C3C3C3C3C3C /* TranscriptionManager.swift in Sources */ = {isa = PBXBuildFile; fileRef = 4C4C4C4C4C4C4C4C4C4C4C4C /* TranscriptionManager.swift */; };
		3D3D3D3D3D3D3D3D3D3D3D3D /* SummaryManager.swift in Sources */ = {isa = PBXBuildFile; fileRef = 4D4D4D4D4D4D4D4D4D4D4D4D /* SummaryManager.swift */; };
		3E3E3E3E3E3E3E3E3E3E3E3E /* SystemAudioCapture.swift in Sources */ = {isa = PBXBuildFile; fileRef = 4E4E4E4E4E4E4E4E4E4E4E4E /* SystemAudioCapture.swift */; };
		3F3F3F3F3F3F3F3F3F3F3F3F /* DirectoryManager.swift in Sources */ = {isa = PBXBuildFile; fileRef = 4F4F4F4F4F4F4F4F4F4F4F4F /* DirectoryManager.swift */; };
		5B5B5B5B5B5B5B5B5B5B5B5B /* DebugLogger.swift in Sources */ = {isa = PBXBuildFile; fileRef = D6D6D6D6D6D6D6D6D6D6D6D6 /* DebugLogger.swift */; };
		E1E1E1E1E1E1E1E1E1E1E1E1 /* ReadOnlyTranscriptTextView.swift in Sources */ = {isa = PBXBuildFile; fileRef = E2E2E2E2E2E2E2E2E2E2E2E2 /* ReadOnlyTranscriptTextView.swift */; };
		A1B2C3D4E5F6012345678901 /* FinderHelper.swift in Sources */ = {isa = PBXBuildFile; fileRef = A1B2C3D4E5F6012345678902 /* FinderHelper.swift */; };
		A1B2C3D4E5F6012345678903 /* MarkdownTextRenderer.swift in Sources */ = {isa = PBXBuildFile; fileRef = A1B2C3D4E5F6012345678904 /* MarkdownTextRenderer.swift */; };
		70063B092DCA8CC700590413 /* MarkdownUI in Frameworks */ = {isa = PBXBuildFile; productRef = 70063B082DCA8CC700590413 /* MarkdownUI */; };
		7b81a6d0c7da438e889ecf20 /* TextDocument.swift in Sources */ = {isa = PBXBuildFile; fileRef = 04391e39b44d41c58a6485d9 /* TextDocument.swift */; };
		F00000000000000000000001 /* ModelsTests.swift in Sources */ = {isa = PBXBuildFile; fileRef = F10000000000000000000001 /* ModelsTests.swift */; };
		F00000000000000000000002 /* ReleaseInvariantTests.swift in Sources */ = {isa = PBXBuildFile; fileRef = F10000000000000000000002 /* ReleaseInvariantTests.swift */; };
		D00000000000000000000001 /* AudioMerger.swift in Sources */ = {isa = PBXBuildFile; fileRef = D10000000000000000000001 /* AudioMerger.swift */; };
		D00000000000000000000002 /* RecordingSessionManifest.swift in Sources */ = {isa = PBXBuildFile; fileRef = D10000000000000000000002 /* RecordingSessionManifest.swift */; };
		D00000000000000000000003 /* RecordingRecoveryService.swift in Sources */ = {isa = PBXBuildFile; fileRef = D10000000000000000000003 /* RecordingRecoveryService.swift */; };
		D00000000000000000000004 /* RecordingImportService.swift in Sources */ = {isa = PBXBuildFile; fileRef = D10000000000000000000004 /* RecordingImportService.swift */; };
		D00000000000000000000005 /* RecordingReliabilityTests.swift in Sources */ = {isa = PBXBuildFile; fileRef = D10000000000000000000005 /* RecordingReliabilityTests.swift */; };
		E00000000000000000000001 /* ProcessingJob.swift in Sources */ = {isa = PBXBuildFile; fileRef = E10000000000000000000001 /* ProcessingJob.swift */; };
		E00000000000000000000002 /* NotificationService.swift in Sources */ = {isa = PBXBuildFile; fileRef = E10000000000000000000002 /* NotificationService.swift */; };
		E00000000000000000000003 /* AppNavigationRouter.swift in Sources */ = {isa = PBXBuildFile; fileRef = E10000000000000000000003 /* AppNavigationRouter.swift */; };
		E00000000000000000000004 /* PostRecordingWorkflowCoordinator.swift in Sources */ = {isa = PBXBuildFile; fileRef = E10000000000000000000004 /* PostRecordingWorkflowCoordinator.swift */; };
		E00000000000000000000005 /* ProcessingStatusView.swift in Sources */ = {isa = PBXBuildFile; fileRef = E10000000000000000000005 /* ProcessingStatusView.swift */; };
		E00000000000000000000006 /* ProcessingWorkflowTests.swift in Sources */ = {isa = PBXBuildFile; fileRef = E10000000000000000000006 /* ProcessingWorkflowTests.swift */; };
		A30000000000000000000001 /* RecordingCommandCoordinator.swift in Sources */ = {isa = PBXBuildFile; fileRef = A40000000000000000000001 /* RecordingCommandCoordinator.swift */; };
		A30000000000000000000002 /* GlobalShortcutManager.swift in Sources */ = {isa = PBXBuildFile; fileRef = A40000000000000000000002 /* GlobalShortcutManager.swift */; };
		A30000000000000000000003 /* WhisperNoteAppModel.swift in Sources */ = {isa = PBXBuildFile; fileRef = A40000000000000000000003 /* WhisperNoteAppModel.swift */; };
		A30000000000000000000004 /* MenuBarRecordingView.swift in Sources */ = {isa = PBXBuildFile; fileRef = A40000000000000000000004 /* MenuBarRecordingView.swift */; };
		A30000000000000000000005 /* MenuBarCaptureTests.swift in Sources */ = {isa = PBXBuildFile; fileRef = A40000000000000000000005 /* MenuBarCaptureTests.swift */; };
		B30000000000000000000001 /* LibraryMetadata.swift in Sources */ = {isa = PBXBuildFile; fileRef = B40000000000000000000001 /* LibraryMetadata.swift */; };
		B30000000000000000000002 /* LibraryMetadataRepository.swift in Sources */ = {isa = PBXBuildFile; fileRef = B40000000000000000000002 /* LibraryMetadataRepository.swift */; };
		B30000000000000000000003 /* UnifiedSearchIndex.swift in Sources */ = {isa = PBXBuildFile; fileRef = B40000000000000000000003 /* UnifiedSearchIndex.swift */; };
		B30000000000000000000004 /* LibraryMetadataControls.swift in Sources */ = {isa = PBXBuildFile; fileRef = B40000000000000000000004 /* LibraryMetadataControls.swift */; };
		B30000000000000000000005 /* LibrarySearchController.swift in Sources */ = {isa = PBXBuildFile; fileRef = B40000000000000000000005 /* LibrarySearchController.swift */; };
		B30000000000000000000006 /* UnifiedSearchView.swift in Sources */ = {isa = PBXBuildFile; fileRef = B40000000000000000000006 /* UnifiedSearchView.swift */; };
		B30000000000000000000007 /* LibraryMetadataTests.swift in Sources */ = {isa = PBXBuildFile; fileRef = B40000000000000000000007 /* LibraryMetadataTests.swift */; };
		B30000000000000000000008 /* UnifiedSearchTests.swift in Sources */ = {isa = PBXBuildFile; fileRef = B40000000000000000000008 /* UnifiedSearchTests.swift */; };
		B30000000000000000000009 /* UnifiedSearchIntegrationTests.swift in Sources */ = {isa = PBXBuildFile; fileRef = B40000000000000000000009 /* UnifiedSearchIntegrationTests.swift */; };
		C30000000000000000000001 /* SummaryTemplate.swift in Sources */ = {isa = PBXBuildFile; fileRef = C40000000000000000000001 /* SummaryTemplate.swift */; };
		C30000000000000000000002 /* SummaryTemplateRepository.swift in Sources */ = {isa = PBXBuildFile; fileRef = C40000000000000000000002 /* SummaryTemplateRepository.swift */; };
		C30000000000000000000003 /* SummaryTemplateController.swift in Sources */ = {isa = PBXBuildFile; fileRef = C40000000000000000000003 /* SummaryTemplateController.swift */; };
		C30000000000000000000004 /* SummaryTemplateLibraryView.swift in Sources */ = {isa = PBXBuildFile; fileRef = C40000000000000000000004 /* SummaryTemplateLibraryView.swift */; };
		C30000000000000000000005 /* SummaryTemplateDraftState.swift in Sources */ = {isa = PBXBuildFile; fileRef = C40000000000000000000005 /* SummaryTemplateDraftState.swift */; };
		C30000000000000000000006 /* SummaryTemplateRepositoryTests.swift in Sources */ = {isa = PBXBuildFile; fileRef = C40000000000000000000006 /* SummaryTemplateRepositoryTests.swift */; };
		C30000000000000000000007 /* SummaryTemplateIntegrationTests.swift in Sources */ = {isa = PBXBuildFile; fileRef = C40000000000000000000007 /* SummaryTemplateIntegrationTests.swift */; };
		C30000000000000000000008 /* SummaryTemplateStage3Tests.swift in Sources */ = {isa = PBXBuildFile; fileRef = C40000000000000000000008 /* SummaryTemplateStage3Tests.swift */; };
		C30000000000000000000009 /* SummaryTemplateDraftStateTests.swift in Sources */ = {isa = PBXBuildFile; fileRef = C40000000000000000000009 /* SummaryTemplateDraftStateTests.swift */; };
		D60000000000000000000001 /* TelemetryEvent.swift in Sources */ = {isa = PBXBuildFile; fileRef = D61000000000000000000001 /* TelemetryEvent.swift */; };
		D60000000000000000000002 /* TelemetryConsentStore.swift in Sources */ = {isa = PBXBuildFile; fileRef = D61000000000000000000002 /* TelemetryConsentStore.swift */; };
		D60000000000000000000003 /* TelemetryQueue.swift in Sources */ = {isa = PBXBuildFile; fileRef = D61000000000000000000003 /* TelemetryQueue.swift */; };
		D60000000000000000000004 /* TelemetryClient.swift in Sources */ = {isa = PBXBuildFile; fileRef = D61000000000000000000004 /* TelemetryClient.swift */; };
		D60000000000000000000005 /* TelemetryController.swift in Sources */ = {isa = PBXBuildFile; fileRef = D61000000000000000000005 /* TelemetryController.swift */; };
		D60000000000000000000006 /* TelemetryCredentialStore.swift in Sources */ = {isa = PBXBuildFile; fileRef = D61000000000000000000006 /* TelemetryCredentialStore.swift */; };
		D60000000000000000000007 /* ProductFeedbackView.swift in Sources */ = {isa = PBXBuildFile; fileRef = D61000000000000000000007 /* ProductFeedbackView.swift */; };
		D60000000000000000000008 /* HealthSignalRecording.swift in Sources */ = {isa = PBXBuildFile; fileRef = D61000000000000000000008 /* HealthSignalRecording.swift */; };
		D62000000000000000000001 /* TelemetryEventTests.swift in Sources */ = {isa = PBXBuildFile; fileRef = D63000000000000000000001 /* TelemetryEventTests.swift */; };
		D62000000000000000000002 /* TelemetryQueueTests.swift in Sources */ = {isa = PBXBuildFile; fileRef = D63000000000000000000002 /* TelemetryQueueTests.swift */; };
		D62000000000000000000003 /* TelemetryClientTests.swift in Sources */ = {isa = PBXBuildFile; fileRef = D63000000000000000000003 /* TelemetryClientTests.swift */; };
		D62000000000000000000004 /* TelemetryControllerTests.swift in Sources */ = {isa = PBXBuildFile; fileRef = D63000000000000000000004 /* TelemetryControllerTests.swift */; };
		D62000000000000000000005 /* HealthSignalInstrumentationTests.swift in Sources */ = {isa = PBXBuildFile; fileRef = D63000000000000000000005 /* HealthSignalInstrumentationTests.swift */; };
/* End PBXBuildFile section */

/* Begin PBXContainerItemProxy section */
		F80000000000000000000001 /* PBXContainerItemProxy */ = {
			isa = PBXContainerItemProxy;
			containerPortal = 0F0F0F0F0F0F0F0F0F0F0F0F /* Project object */;
			proxyType = 1;
			remoteGlobalIDString = 0B0B0B0B0B0B0B0B0B0B0B0B;
			remoteInfo = WhisperNote;
		};
/* End PBXContainerItemProxy section */

/* Begin PBXFileReference section */
		AA01AA01AA01AA01AA01AA01 /* AppIcon.icns */ = {isa = PBXFileReference; lastKnownFileType = image.icns; path = AppIcon.icns; sourceTree = "<group>"; };
		CD01CD01CD01CD01CD01CD01 /* CHANGELOG.md */ = {isa = PBXFileReference; lastKnownFileType = net.daringfireball.markdown; path = CHANGELOG.md; sourceTree = "<group>"; };
		04391e39b44d41c58a6485d9 /* TextDocument.swift */ = {isa = PBXFileReference; lastKnownFileType = sourcecode.swift; path = TextDocument.swift; sourceTree = "<group>"; };
		0A0A0A0A0A0A0A0A0A0A0A0A /* WhisperNote.app */ = {isa = PBXFileReference; explicitFileType = wrapper.application; includeInIndex = 0; path = WhisperNote.app; sourceTree = BUILT_PRODUCTS_DIR; };
		2A2A2A2A2A2A2A2A2A2A2A2A /* WhisperNoteApp.swift */ = {isa = PBXFileReference; lastKnownFileType = sourcecode.swift; path = WhisperNoteApp.swift; sourceTree = "<group>"; };
		2B2B2B2B2B2B2B2B2B2B2B2B /* ContentView.swift */ = {isa = PBXFileReference; lastKnownFileType = sourcecode.swift; path = ContentView.swift; sourceTree = "<group>"; };
		2C2C2C2C2C2C2C2C2C2C2C2C /* RecordingView.swift */ = {isa = PBXFileReference; lastKnownFileType = sourcecode.swift; path = RecordingView.swift; sourceTree = "<group>"; };
		2D2D2D2D2D2D2D2D2D2D2D2D /* TranscriptView.swift */ = {isa = PBXFileReference; lastKnownFileType = sourcecode.swift; path = TranscriptView.swift; sourceTree = "<group>"; };
		2E2E2E2E2E2E2E2E2E2E2E2E /* SummaryView.swift */ = {isa = PBXFileReference; lastKnownFileType = sourcecode.swift; path = SummaryView.swift; sourceTree = "<group>"; };
		2F2F2F2F2F2F2F2F2F2F2F2F /* SettingsView.swift */ = {isa = PBXFileReference; lastKnownFileType = sourcecode.swift; path = SettingsView.swift; sourceTree = "<group>"; };
		4A4A4A4A4A4A4A4A4A4A4A4A /* Models.swift */ = {isa = PBXFileReference; lastKnownFileType = sourcecode.swift; path = Models.swift; sourceTree = "<group>"; };
		4B4B4B4B4B4B4B4B4B4B4B4B /* AudioRecorder.swift */ = {isa = PBXFileReference; lastKnownFileType = sourcecode.swift; path = AudioRecorder.swift; sourceTree = "<group>"; };
		4C4C4C4C4C4C4C4C4C4C4C4C /* TranscriptionManager.swift */ = {isa = PBXFileReference; lastKnownFileType = sourcecode.swift; path = TranscriptionManager.swift; sourceTree = "<group>"; };
		4D4D4D4D4D4D4D4D4D4D4D4D /* SummaryManager.swift */ = {isa = PBXFileReference; lastKnownFileType = sourcecode.swift; path = SummaryManager.swift; sourceTree = "<group>"; };
		4E4E4E4E4E4E4E4E4E4E4E4E /* SystemAudioCapture.swift */ = {isa = PBXFileReference; lastKnownFileType = sourcecode.swift; path = SystemAudioCapture.swift; sourceTree = "<group>"; };
		4F4F4F4F4F4F4F4F4F4F4F4F /* DirectoryManager.swift */ = {isa = PBXFileReference; lastKnownFileType = sourcecode.swift; path = DirectoryManager.swift; sourceTree = "<group>"; };
		5A5A5A5A5A5A5A5A5A5A5A5A /* Info.plist */ = {isa = PBXFileReference; lastKnownFileType = text.plist.xml; path = Info.plist; sourceTree = "<group>"; };
		E2E2E2E2E2E2E2E2E2E2E2E2 /* ReadOnlyTranscriptTextView.swift */ = {isa = PBXFileReference; lastKnownFileType = sourcecode.swift; path = ReadOnlyTranscriptTextView.swift; sourceTree = "<group>"; };
		D6D6D6D6D6D6D6D6D6D6D6D6 /* DebugLogger.swift */ = {isa = PBXFileReference; lastKnownFileType = sourcecode.swift; path = DebugLogger.swift; sourceTree = "<group>"; };
		A1B2C3D4E5F6012345678902 /* FinderHelper.swift */ = {isa = PBXFileReference; lastKnownFileType = sourcecode.swift; path = FinderHelper.swift; sourceTree = "<group>"; };
		A1B2C3D4E5F6012345678904 /* MarkdownTextRenderer.swift */ = {isa = PBXFileReference; lastKnownFileType = sourcecode.swift; path = MarkdownTextRenderer.swift; sourceTree = "<group>"; };
		F10000000000000000000001 /* ModelsTests.swift */ = {isa = PBXFileReference; lastKnownFileType = sourcecode.swift; path = ModelsTests.swift; sourceTree = "<group>"; };
		F10000000000000000000002 /* ReleaseInvariantTests.swift */ = {isa = PBXFileReference; lastKnownFileType = sourcecode.swift; path = ReleaseInvariantTests.swift; sourceTree = "<group>"; };
		F10000000000000000000003 /* WhisperNoteTests.xctest */ = {isa = PBXFileReference; explicitFileType = wrapper.cfbundle; includeInIndex = 0; path = WhisperNoteTests.xctest; sourceTree = BUILT_PRODUCTS_DIR; };
		D10000000000000000000001 /* AudioMerger.swift */ = {isa = PBXFileReference; lastKnownFileType = sourcecode.swift; path = AudioMerger.swift; sourceTree = "<group>"; };
		D10000000000000000000002 /* RecordingSessionManifest.swift */ = {isa = PBXFileReference; lastKnownFileType = sourcecode.swift; path = RecordingSessionManifest.swift; sourceTree = "<group>"; };
		D10000000000000000000003 /* RecordingRecoveryService.swift */ = {isa = PBXFileReference; lastKnownFileType = sourcecode.swift; path = RecordingRecoveryService.swift; sourceTree = "<group>"; };
		D10000000000000000000004 /* RecordingImportService.swift */ = {isa = PBXFileReference; lastKnownFileType = sourcecode.swift; path = RecordingImportService.swift; sourceTree = "<group>"; };
		D10000000000000000000005 /* RecordingReliabilityTests.swift */ = {isa = PBXFileReference; lastKnownFileType = sourcecode.swift; path = RecordingReliabilityTests.swift; sourceTree = "<group>"; };
		E10000000000000000000001 /* ProcessingJob.swift */ = {isa = PBXFileReference; lastKnownFileType = sourcecode.swift; path = ProcessingJob.swift; sourceTree = "<group>"; };
		E10000000000000000000002 /* NotificationService.swift */ = {isa = PBXFileReference; lastKnownFileType = sourcecode.swift; path = NotificationService.swift; sourceTree = "<group>"; };
		E10000000000000000000003 /* AppNavigationRouter.swift */ = {isa = PBXFileReference; lastKnownFileType = sourcecode.swift; path = AppNavigationRouter.swift; sourceTree = "<group>"; };
		E10000000000000000000004 /* PostRecordingWorkflowCoordinator.swift */ = {isa = PBXFileReference; lastKnownFileType = sourcecode.swift; path = PostRecordingWorkflowCoordinator.swift; sourceTree = "<group>"; };
		E10000000000000000000005 /* ProcessingStatusView.swift */ = {isa = PBXFileReference; lastKnownFileType = sourcecode.swift; path = ProcessingStatusView.swift; sourceTree = "<group>"; };
		E10000000000000000000006 /* ProcessingWorkflowTests.swift */ = {isa = PBXFileReference; lastKnownFileType = sourcecode.swift; path = ProcessingWorkflowTests.swift; sourceTree = "<group>"; };
		A40000000000000000000001 /* RecordingCommandCoordinator.swift */ = {isa = PBXFileReference; lastKnownFileType = sourcecode.swift; path = RecordingCommandCoordinator.swift; sourceTree = "<group>"; };
		A40000000000000000000002 /* GlobalShortcutManager.swift */ = {isa = PBXFileReference; lastKnownFileType = sourcecode.swift; path = GlobalShortcutManager.swift; sourceTree = "<group>"; };
		A40000000000000000000003 /* WhisperNoteAppModel.swift */ = {isa = PBXFileReference; lastKnownFileType = sourcecode.swift; path = WhisperNoteAppModel.swift; sourceTree = "<group>"; };
		A40000000000000000000004 /* MenuBarRecordingView.swift */ = {isa = PBXFileReference; lastKnownFileType = sourcecode.swift; path = MenuBarRecordingView.swift; sourceTree = "<group>"; };
		A40000000000000000000005 /* MenuBarCaptureTests.swift */ = {isa = PBXFileReference; lastKnownFileType = sourcecode.swift; path = MenuBarCaptureTests.swift; sourceTree = "<group>"; };
		B40000000000000000000001 /* LibraryMetadata.swift */ = {isa = PBXFileReference; lastKnownFileType = sourcecode.swift; path = LibraryMetadata.swift; sourceTree = "<group>"; };
		B40000000000000000000002 /* LibraryMetadataRepository.swift */ = {isa = PBXFileReference; lastKnownFileType = sourcecode.swift; path = LibraryMetadataRepository.swift; sourceTree = "<group>"; };
		B40000000000000000000003 /* UnifiedSearchIndex.swift */ = {isa = PBXFileReference; lastKnownFileType = sourcecode.swift; path = UnifiedSearchIndex.swift; sourceTree = "<group>"; };
		B40000000000000000000004 /* LibraryMetadataControls.swift */ = {isa = PBXFileReference; lastKnownFileType = sourcecode.swift; path = LibraryMetadataControls.swift; sourceTree = "<group>"; };
		B40000000000000000000005 /* LibrarySearchController.swift */ = {isa = PBXFileReference; lastKnownFileType = sourcecode.swift; path = LibrarySearchController.swift; sourceTree = "<group>"; };
		B40000000000000000000006 /* UnifiedSearchView.swift */ = {isa = PBXFileReference; lastKnownFileType = sourcecode.swift; path = UnifiedSearchView.swift; sourceTree = "<group>"; };
		B40000000000000000000007 /* LibraryMetadataTests.swift */ = {isa = PBXFileReference; lastKnownFileType = sourcecode.swift; path = LibraryMetadataTests.swift; sourceTree = "<group>"; };
		B40000000000000000000008 /* UnifiedSearchTests.swift */ = {isa = PBXFileReference; lastKnownFileType = sourcecode.swift; path = UnifiedSearchTests.swift; sourceTree = "<group>"; };
		B40000000000000000000009 /* UnifiedSearchIntegrationTests.swift */ = {isa = PBXFileReference; lastKnownFileType = sourcecode.swift; path = UnifiedSearchIntegrationTests.swift; sourceTree = "<group>"; };
		C40000000000000000000001 /* SummaryTemplate.swift */ = {isa = PBXFileReference; lastKnownFileType = sourcecode.swift; path = SummaryTemplate.swift; sourceTree = "<group>"; };
		C40000000000000000000002 /* SummaryTemplateRepository.swift */ = {isa = PBXFileReference; lastKnownFileType = sourcecode.swift; path = SummaryTemplateRepository.swift; sourceTree = "<group>"; };
		C40000000000000000000003 /* SummaryTemplateController.swift */ = {isa = PBXFileReference; lastKnownFileType = sourcecode.swift; path = SummaryTemplateController.swift; sourceTree = "<group>"; };
		C40000000000000000000004 /* SummaryTemplateLibraryView.swift */ = {isa = PBXFileReference; lastKnownFileType = sourcecode.swift; path = SummaryTemplateLibraryView.swift; sourceTree = "<group>"; };
		C40000000000000000000005 /* SummaryTemplateDraftState.swift */ = {isa = PBXFileReference; lastKnownFileType = sourcecode.swift; path = SummaryTemplateDraftState.swift; sourceTree = "<group>"; };
		C40000000000000000000006 /* SummaryTemplateRepositoryTests.swift */ = {isa = PBXFileReference; lastKnownFileType = sourcecode.swift; path = SummaryTemplateRepositoryTests.swift; sourceTree = "<group>"; };
		C40000000000000000000007 /* SummaryTemplateIntegrationTests.swift */ = {isa = PBXFileReference; lastKnownFileType = sourcecode.swift; path = SummaryTemplateIntegrationTests.swift; sourceTree = "<group>"; };
		C40000000000000000000008 /* SummaryTemplateStage3Tests.swift */ = {isa = PBXFileReference; lastKnownFileType = sourcecode.swift; path = SummaryTemplateStage3Tests.swift; sourceTree = "<group>"; };
		C40000000000000000000009 /* SummaryTemplateDraftStateTests.swift */ = {isa = PBXFileReference; lastKnownFileType = sourcecode.swift; path = SummaryTemplateDraftStateTests.swift; sourceTree = "<group>"; };
		D61000000000000000000001 /* TelemetryEvent.swift */ = {isa = PBXFileReference; lastKnownFileType = sourcecode.swift; path = TelemetryEvent.swift; sourceTree = "<group>"; };
		D61000000000000000000002 /* TelemetryConsentStore.swift */ = {isa = PBXFileReference; lastKnownFileType = sourcecode.swift; path = TelemetryConsentStore.swift; sourceTree = "<group>"; };
		D61000000000000000000003 /* TelemetryQueue.swift */ = {isa = PBXFileReference; lastKnownFileType = sourcecode.swift; path = TelemetryQueue.swift; sourceTree = "<group>"; };
		D61000000000000000000004 /* TelemetryClient.swift */ = {isa = PBXFileReference; lastKnownFileType = sourcecode.swift; path = TelemetryClient.swift; sourceTree = "<group>"; };
		D61000000000000000000005 /* TelemetryController.swift */ = {isa = PBXFileReference; lastKnownFileType = sourcecode.swift; path = TelemetryController.swift; sourceTree = "<group>"; };
		D61000000000000000000006 /* TelemetryCredentialStore.swift */ = {isa = PBXFileReference; lastKnownFileType = sourcecode.swift; path = TelemetryCredentialStore.swift; sourceTree = "<group>"; };
		D61000000000000000000007 /* ProductFeedbackView.swift */ = {isa = PBXFileReference; lastKnownFileType = sourcecode.swift; path = ProductFeedbackView.swift; sourceTree = "<group>"; };
		D61000000000000000000008 /* HealthSignalRecording.swift */ = {isa = PBXFileReference; lastKnownFileType = sourcecode.swift; path = HealthSignalRecording.swift; sourceTree = "<group>"; };
		D63000000000000000000001 /* TelemetryEventTests.swift */ = {isa = PBXFileReference; lastKnownFileType = sourcecode.swift; path = TelemetryEventTests.swift; sourceTree = "<group>"; };
		D63000000000000000000002 /* TelemetryQueueTests.swift */ = {isa = PBXFileReference; lastKnownFileType = sourcecode.swift; path = TelemetryQueueTests.swift; sourceTree = "<group>"; };
		D63000000000000000000003 /* TelemetryClientTests.swift */ = {isa = PBXFileReference; lastKnownFileType = sourcecode.swift; path = TelemetryClientTests.swift; sourceTree = "<group>"; };
		D63000000000000000000004 /* TelemetryControllerTests.swift */ = {isa = PBXFileReference; lastKnownFileType = sourcecode.swift; path = TelemetryControllerTests.swift; sourceTree = "<group>"; };
		D63000000000000000000005 /* HealthSignalInstrumentationTests.swift */ = {isa = PBXFileReference; lastKnownFileType = sourcecode.swift; path = HealthSignalInstrumentationTests.swift; sourceTree = "<group>"; };
/* End PBXFileReference section */

/* Begin PBXFrameworksBuildPhase section */
		7A7A7A7A7A7A7A7A7A7A7A7A /* Frameworks */ = {
			isa = PBXFrameworksBuildPhase;
			buildActionMask = 2147483647;
			files = (
				70063B092DCA8CC700590413 /* MarkdownUI in Frameworks */,
			);
			runOnlyForDeploymentPostprocessing = 0;
		};
		F40000000000000000000002 /* Frameworks */ = {
			isa = PBXFrameworksBuildPhase;
			buildActionMask = 2147483647;
			files = (
			);
			runOnlyForDeploymentPostprocessing = 0;
		};
/* End PBXFrameworksBuildPhase section */

/* Begin PBXGroup section */
		8A8A8A8A8A8A8A8A8A8A8A8A = {
			isa = PBXGroup;
			children = (
				9A9A9A9A9A9A9A9A9A9A9A9A /* WhisperNote */,
				F20000000000000000000001 /* WhisperNoteTests */,
				CD01CD01CD01CD01CD01CD01 /* CHANGELOG.md */,
				8B8B8B8B8B8B8B8B8B8B8B8B /* Products */,
			);
			sourceTree = "<group>";
		};
		8B8B8B8B8B8B8B8B8B8B8B8B /* Products */ = {
			isa = PBXGroup;
			children = (
				0A0A0A0A0A0A0A0A0A0A0A0A /* WhisperNote.app */,
				F10000000000000000000003 /* WhisperNoteTests.xctest */,
			);
			name = Products;
			sourceTree = "<group>";
		};
		9A9A9A9A9A9A9A9A9A9A9A9A /* WhisperNote */ = {
			isa = PBXGroup;
			children = (
				2A2A2A2A2A2A2A2A2A2A2A2A /* WhisperNoteApp.swift */,
				2B2B2B2B2B2B2B2B2B2B2B2B /* ContentView.swift */,
				2C2C2C2C2C2C2C2C2C2C2C2C /* RecordingView.swift */,
				2D2D2D2D2D2D2D2D2D2D2D2D /* TranscriptView.swift */,
				2E2E2E2E2E2E2E2E2E2E2E2E /* SummaryView.swift */,
				2F2F2F2F2F2F2F2F2F2F2F2F /* SettingsView.swift */,
				4A4A4A4A4A4A4A4A4A4A4A4A /* Models.swift */,
				04391e39b44d41c58a6485d9 /* TextDocument.swift */,
				4B4B4B4B4B4B4B4B4B4B4B4B /* AudioRecorder.swift */,
				D10000000000000000000001 /* AudioMerger.swift */,
				D10000000000000000000002 /* RecordingSessionManifest.swift */,
				D10000000000000000000003 /* RecordingRecoveryService.swift */,
				D10000000000000000000004 /* RecordingImportService.swift */,
				E10000000000000000000001 /* ProcessingJob.swift */,
				E10000000000000000000002 /* NotificationService.swift */,
				E10000000000000000000003 /* AppNavigationRouter.swift */,
				E10000000000000000000004 /* PostRecordingWorkflowCoordinator.swift */,
				E10000000000000000000005 /* ProcessingStatusView.swift */,
				A40000000000000000000001 /* RecordingCommandCoordinator.swift */,
				A40000000000000000000002 /* GlobalShortcutManager.swift */,
				A40000000000000000000003 /* WhisperNoteAppModel.swift */,
				A40000000000000000000004 /* MenuBarRecordingView.swift */,
				B40000000000000000000001 /* LibraryMetadata.swift */,
				B40000000000000000000002 /* LibraryMetadataRepository.swift */,
				B40000000000000000000003 /* UnifiedSearchIndex.swift */,
				B40000000000000000000004 /* LibraryMetadataControls.swift */,
				B40000000000000000000005 /* LibrarySearchController.swift */,
				B40000000000000000000006 /* UnifiedSearchView.swift */,
				C40000000000000000000001 /* SummaryTemplate.swift */,
				C40000000000000000000002 /* SummaryTemplateRepository.swift */,
				C40000000000000000000003 /* SummaryTemplateController.swift */,
				C40000000000000000000004 /* SummaryTemplateLibraryView.swift */,
				C40000000000000000000005 /* SummaryTemplateDraftState.swift */,
				D61000000000000000000001 /* TelemetryEvent.swift */,
				D61000000000000000000002 /* TelemetryConsentStore.swift */,
				D61000000000000000000003 /* TelemetryQueue.swift */,
				D61000000000000000000004 /* TelemetryClient.swift */,
				D61000000000000000000005 /* TelemetryController.swift */,
				D61000000000000000000006 /* TelemetryCredentialStore.swift */,
				D61000000000000000000007 /* ProductFeedbackView.swift */,
				D61000000000000000000008 /* HealthSignalRecording.swift */,
				4E4E4E4E4E4E4E4E4E4E4E4E /* SystemAudioCapture.swift */,
				4F4F4F4F4F4F4F4F4F4F4F4F /* DirectoryManager.swift */,
				A1B2C3D4E5F6012345678902 /* FinderHelper.swift */,
				A1B2C3D4E5F6012345678904 /* MarkdownTextRenderer.swift */,
				D6D6D6D6D6D6D6D6D6D6D6D6 /* DebugLogger.swift */,
				E2E2E2E2E2E2E2E2E2E2E2E2 /* ReadOnlyTranscriptTextView.swift */,
				4C4C4C4C4C4C4C4C4C4C4C4C /* TranscriptionManager.swift */,
				4D4D4D4D4D4D4D4D4D4D4D4D /* SummaryManager.swift */,
				5A5A5A5A5A5A5A5A5A5A5A5A /* Info.plist */,
				AA01AA01AA01AA01AA01AA01 /* AppIcon.icns */,
			);
			path = WhisperNote;
			sourceTree = "<group>";
		};
		F20000000000000000000001 /* WhisperNoteTests */ = {
			isa = PBXGroup;
			children = (
				F10000000000000000000001 /* ModelsTests.swift */,
				F10000000000000000000002 /* ReleaseInvariantTests.swift */,
				D10000000000000000000005 /* RecordingReliabilityTests.swift */,
				E10000000000000000000006 /* ProcessingWorkflowTests.swift */,
				A40000000000000000000005 /* MenuBarCaptureTests.swift */,
				B40000000000000000000007 /* LibraryMetadataTests.swift */,
				B40000000000000000000008 /* UnifiedSearchTests.swift */,
				B40000000000000000000009 /* UnifiedSearchIntegrationTests.swift */,
				C40000000000000000000006 /* SummaryTemplateRepositoryTests.swift */,
				C40000000000000000000007 /* SummaryTemplateIntegrationTests.swift */,
				C40000000000000000000008 /* SummaryTemplateStage3Tests.swift */,
				C40000000000000000000009 /* SummaryTemplateDraftStateTests.swift */,
				D63000000000000000000001 /* TelemetryEventTests.swift */,
				D63000000000000000000002 /* TelemetryQueueTests.swift */,
				D63000000000000000000003 /* TelemetryClientTests.swift */,
				D63000000000000000000004 /* TelemetryControllerTests.swift */,
				D63000000000000000000005 /* HealthSignalInstrumentationTests.swift */,
			);
			path = WhisperNoteTests;
			sourceTree = "<group>";
		};
/* End PBXGroup section */

/* Begin PBXNativeTarget section */
		0B0B0B0B0B0B0B0B0B0B0B0B /* WhisperNote */ = {
			isa = PBXNativeTarget;
			buildConfigurationList = 0C0C0C0C0C0C0C0C0C0C0C0C /* Build configuration list for PBXNativeTarget "WhisperNote" */;
			buildPhases = (
				0D0D0D0D0D0D0D0D0D0D0D0D /* Sources */,
				7A7A7A7A7A7A7A7A7A7A7A7A /* Frameworks */,
				0E0E0E0E0E0E0E0E0E0E0E0E /* Resources */,
			);
			buildRules = (
			);
			dependencies = (
			);
			name = WhisperNote;
			productName = WhisperNote;
			productReference = 0A0A0A0A0A0A0A0A0A0A0A0A /* WhisperNote.app */;
			productType = "com.apple.product-type.application";
		};
		F30000000000000000000001 /* WhisperNoteTests */ = {
			isa = PBXNativeTarget;
			buildConfigurationList = F50000000000000000000001 /* Build configuration list for PBXNativeTarget "WhisperNoteTests" */;
			buildPhases = (
				F40000000000000000000001 /* Sources */,
				F40000000000000000000002 /* Frameworks */,
				F40000000000000000000003 /* Resources */,
			);
			buildRules = (
			);
			dependencies = (
				F70000000000000000000001 /* PBXTargetDependency */,
			);
			name = WhisperNoteTests;
			productName = WhisperNoteTests;
			productReference = F10000000000000000000003 /* WhisperNoteTests.xctest */;
			productType = "com.apple.product-type.bundle.unit-test";
		};
/* End PBXNativeTarget section */

/* Begin PBXProject section */
		0F0F0F0F0F0F0F0F0F0F0F0F /* Project object */ = {
			isa = PBXProject;
			attributes = {
				BuildIndependentTargetsInParallel = 1;
				LastSwiftUpdateCheck = 1500;
				LastUpgradeCheck = 1500;
				TargetAttributes = {
					0B0B0B0B0B0B0B0B0B0B0B0B = {
						CreatedOnToolsVersion = 15.0;
					};
					F30000000000000000000001 = {
						CreatedOnToolsVersion = 15.0;
						TestTargetID = 0B0B0B0B0B0B0B0B0B0B0B0B;
					};
				};
			};
			buildConfigurationList = 1010101010101010101010 /* Build configuration list for PBXProject "WhisperNote" */;
			compatibilityVersion = "Xcode 14.0";
			developmentRegion = en;
			hasScannedForEncodings = 0;
			knownRegions = (
				en,
				Base,
			);
			mainGroup = 8A8A8A8A8A8A8A8A8A8A8A8A;
			packageReferences = (
				70063B072DCA8CC700590413 /* XCRemoteSwiftPackageReference "swift-markdown-ui" */,
			);
			productRefGroup = 8B8B8B8B8B8B8B8B8B8B8B8B /* Products */;
			projectDirPath = "";
			projectRoot = "";
			targets = (
				0B0B0B0B0B0B0B0B0B0B0B0B /* WhisperNote */,
				F30000000000000000000001 /* WhisperNoteTests */,
			);
		};
/* End PBXProject section */

/* Begin PBXResourcesBuildPhase section */
		0E0E0E0E0E0E0E0E0E0E0E0E /* Resources */ = {
			isa = PBXResourcesBuildPhase;
			buildActionMask = 2147483647;
			files = (
				BB01BB01BB01BB01BB01BB01 /* AppIcon.icns in Resources */,
				CC01CC01CC01CC01CC01CC01 /* CHANGELOG.md in Resources */,
			);
			runOnlyForDeploymentPostprocessing = 0;
		};
		F40000000000000000000003 /* Resources */ = {
			isa = PBXResourcesBuildPhase;
			buildActionMask = 2147483647;
			files = (
			);
			runOnlyForDeploymentPostprocessing = 0;
		};
/* End PBXResourcesBuildPhase section */

/* Begin PBXSourcesBuildPhase section */
		0D0D0D0D0D0D0D0D0D0D0D0D /* Sources */ = {
			isa = PBXSourcesBuildPhase;
			buildActionMask = 2147483647;
			files = (
				1B1B1B1B1B1B1B1B1B1B1B1B /* ContentView.swift in Sources */,
				1C1C1C1C1C1C1C1C1C1C1C1C /* RecordingView.swift in Sources */,
				1D1D1D1D1D1D1D1D1D1D1D1D /* TranscriptView.swift in Sources */,
				1E1E1E1E1E1E1E1E1E1E1E1E /* SummaryView.swift in Sources */,
				1F1F1F1F1F1F1F1F1F1F1F1F /* SettingsView.swift in Sources */,
				1A1A1A1A1A1A1A1A1A1A1A1A /* WhisperNoteApp.swift in Sources */,
				3A3A3A3A3A3A3A3A3A3A3A3A /* Models.swift in Sources */,
				3B3B3B3B3B3B3B3B3B3B3B3B /* AudioRecorder.swift in Sources */,
				D00000000000000000000001 /* AudioMerger.swift in Sources */,
				D00000000000000000000002 /* RecordingSessionManifest.swift in Sources */,
				D00000000000000000000003 /* RecordingRecoveryService.swift in Sources */,
				D00000000000000000000004 /* RecordingImportService.swift in Sources */,
				E00000000000000000000001 /* ProcessingJob.swift in Sources */,
				E00000000000000000000002 /* NotificationService.swift in Sources */,
				E00000000000000000000003 /* AppNavigationRouter.swift in Sources */,
				E00000000000000000000004 /* PostRecordingWorkflowCoordinator.swift in Sources */,
				E00000000000000000000005 /* ProcessingStatusView.swift in Sources */,
				A30000000000000000000001 /* RecordingCommandCoordinator.swift in Sources */,
				A30000000000000000000002 /* GlobalShortcutManager.swift in Sources */,
				A30000000000000000000003 /* WhisperNoteAppModel.swift in Sources */,
				A30000000000000000000004 /* MenuBarRecordingView.swift in Sources */,
				B30000000000000000000001 /* LibraryMetadata.swift in Sources */,
				B30000000000000000000002 /* LibraryMetadataRepository.swift in Sources */,
				B30000000000000000000003 /* UnifiedSearchIndex.swift in Sources */,
				B30000000000000000000004 /* LibraryMetadataControls.swift in Sources */,
				B30000000000000000000005 /* LibrarySearchController.swift in Sources */,
				B30000000000000000000006 /* UnifiedSearchView.swift in Sources */,
				C30000000000000000000001 /* SummaryTemplate.swift in Sources */,
				C30000000000000000000002 /* SummaryTemplateRepository.swift in Sources */,
				C30000000000000000000003 /* SummaryTemplateController.swift in Sources */,
				C30000000000000000000004 /* SummaryTemplateLibraryView.swift in Sources */,
				C30000000000000000000005 /* SummaryTemplateDraftState.swift in Sources */,
				D60000000000000000000001 /* TelemetryEvent.swift in Sources */,
				D60000000000000000000002 /* TelemetryConsentStore.swift in Sources */,
				D60000000000000000000003 /* TelemetryQueue.swift in Sources */,
				D60000000000000000000004 /* TelemetryClient.swift in Sources */,
				D60000000000000000000005 /* TelemetryController.swift in Sources */,
				D60000000000000000000006 /* TelemetryCredentialStore.swift in Sources */,
				D60000000000000000000007 /* ProductFeedbackView.swift in Sources */,
				D60000000000000000000008 /* HealthSignalRecording.swift in Sources */,
				3C3C3C3C3C3C3C3C3C3C3C3C /* TranscriptionManager.swift in Sources */,
				3D3D3D3D3D3D3D3D3D3D3D3D /* SummaryManager.swift in Sources */,
				3E3E3E3E3E3E3E3E3E3E3E3E /* SystemAudioCapture.swift in Sources */,
				3F3F3F3F3F3F3F3F3F3F3F3F /* DirectoryManager.swift in Sources */,
				A1B2C3D4E5F6012345678901 /* FinderHelper.swift in Sources */,
				A1B2C3D4E5F6012345678903 /* MarkdownTextRenderer.swift in Sources */,
				5B5B5B5B5B5B5B5B5B5B5B5B /* DebugLogger.swift in Sources */,
				E1E1E1E1E1E1E1E1E1E1E1E1 /* ReadOnlyTranscriptTextView.swift in Sources */,
				7b81a6d0c7da438e889ecf20 /* TextDocument.swift in Sources */,
			);
			runOnlyForDeploymentPostprocessing = 0;
		};
		F40000000000000000000001 /* Sources */ = {
			isa = PBXSourcesBuildPhase;
			buildActionMask = 2147483647;
			files = (
				F00000000000000000000001 /* ModelsTests.swift in Sources */,
				F00000000000000000000002 /* ReleaseInvariantTests.swift in Sources */,
				D00000000000000000000005 /* RecordingReliabilityTests.swift in Sources */,
				E00000000000000000000006 /* ProcessingWorkflowTests.swift in Sources */,
				A30000000000000000000005 /* MenuBarCaptureTests.swift in Sources */,
				B30000000000000000000007 /* LibraryMetadataTests.swift in Sources */,
				B30000000000000000000008 /* UnifiedSearchTests.swift in Sources */,
				B30000000000000000000009 /* UnifiedSearchIntegrationTests.swift in Sources */,
				C30000000000000000000006 /* SummaryTemplateRepositoryTests.swift in Sources */,
				C30000000000000000000007 /* SummaryTemplateIntegrationTests.swift in Sources */,
				C30000000000000000000008 /* SummaryTemplateStage3Tests.swift in Sources */,
				C30000000000000000000009 /* SummaryTemplateDraftStateTests.swift in Sources */,
				D62000000000000000000001 /* TelemetryEventTests.swift in Sources */,
				D62000000000000000000002 /* TelemetryQueueTests.swift in Sources */,
				D62000000000000000000003 /* TelemetryClientTests.swift in Sources */,
				D62000000000000000000004 /* TelemetryControllerTests.swift in Sources */,
				D62000000000000000000005 /* HealthSignalInstrumentationTests.swift in Sources */,
			);
			runOnlyForDeploymentPostprocessing = 0;
		};
/* End PBXSourcesBuildPhase section */

/* Begin PBXTargetDependency section */
		F70000000000000000000001 /* PBXTargetDependency */ = {
			isa = PBXTargetDependency;
			target = 0B0B0B0B0B0B0B0B0B0B0B0B /* WhisperNote */;
			targetProxy = F80000000000000000000001 /* PBXContainerItemProxy */;
		};
/* End PBXTargetDependency section */

/* Begin XCBuildConfiguration section */
		6A6A6A6A6A6A6A6A6A6A6A6A /* Debug */ = {
			isa = XCBuildConfiguration;
			buildSettings = {
				ALWAYS_SEARCH_USER_PATHS = NO;
				ASSETCATALOG_COMPILER_GENERATE_SWIFT_ASSET_SYMBOL_EXTENSIONS = YES;
				CLANG_ANALYZER_NONNULL = YES;
				CLANG_ANALYZER_NUMBER_OBJECT_CONVERSION = YES_AGGRESSIVE;
				CLANG_CXX_LANGUAGE_STANDARD = "gnu++20";
				CLANG_ENABLE_MODULES = YES;
				CLANG_ENABLE_OBJC_ARC = YES;
				CLANG_ENABLE_OBJC_WEAK = YES;
				CLANG_WARN_BLOCK_CAPTURE_AUTORELEASING = YES;
				CLANG_WARN_BOOL_CONVERSION = YES;
				CLANG_WARN_COMMA = YES;
				CLANG_WARN_CONSTANT_CONVERSION = YES;
				CLANG_WARN_DEPRECATED_OBJC_IMPLEMENTATIONS = YES;
				CLANG_WARN_DIRECT_OBJC_ISA_USAGE = YES_ERROR;
				CLANG_WARN_DOCUMENTATION_COMMENTS = YES;
				CLANG_WARN_EMPTY_BODY = YES;
				CLANG_WARN_ENUM_CONVERSION = YES;
				CLANG_WARN_INFINITE_RECURSION = YES;
				CLANG_WARN_INT_CONVERSION = YES;
				CLANG_WARN_NON_LITERAL_NULL_CONVERSION = YES;
				CLANG_WARN_OBJC_IMPLICIT_RETAIN_SELF = YES;
				CLANG_WARN_OBJC_LITERAL_CONVERSION = YES;
				CLANG_WARN_OBJC_ROOT_CLASS = YES_ERROR;
				CLANG_WARN_QUOTED_INCLUDE_IN_FRAMEWORK_HEADER = YES;
				CLANG_WARN_RANGE_LOOP_ANALYSIS = YES;
				CLANG_WARN_STRICT_PROTOTYPES = YES;
				CLANG_WARN_SUSPICIOUS_MOVE = YES;
				CLANG_WARN_UNGUARDED_AVAILABILITY = YES_AGGRESSIVE;
				CLANG_WARN_UNREACHABLE_CODE = YES;
				CLANG_WARN__DUPLICATE_METHOD_MATCH = YES;
				COPY_PHASE_STRIP = NO;
				DEBUG_INFORMATION_FORMAT = dwarf;
				ENABLE_STRICT_OBJC_MSGSEND = YES;
				ENABLE_TESTABILITY = YES;
				ENABLE_USER_SCRIPT_SANDBOXING = YES;
				GCC_C_LANGUAGE_STANDARD = gnu17;
				GCC_DYNAMIC_NO_PIC = NO;
				GCC_NO_COMMON_BLOCKS = YES;
				GCC_OPTIMIZATION_LEVEL = 0;
				GCC_PREPROCESSOR_DEFINITIONS = (
					"DEBUG=1",
					"$(inherited)",
				);
				GCC_WARN_64_TO_32_BIT_CONVERSION = YES;
				GCC_WARN_ABOUT_RETURN_TYPE = YES_ERROR;
				GCC_WARN_UNDECLARED_SELECTOR = YES;
				GCC_WARN_UNINITIALIZED_AUTOS = YES_AGGRESSIVE;
				GCC_WARN_UNUSED_FUNCTION = YES;
				GCC_WARN_UNUSED_VARIABLE = YES;
				LOCALIZATION_PREFERS_STRING_CATALOGS = YES;
				MACOSX_DEPLOYMENT_TARGET = 14.2;
				MTL_ENABLE_DEBUG_INFO = INCLUDE_SOURCE;
				MTL_FAST_MATH = YES;
				ONLY_ACTIVE_ARCH = YES;
				SDKROOT = macosx;
				SWIFT_ACTIVE_COMPILATION_CONDITIONS = "DEBUG $(inherited)";
				SWIFT_OPTIMIZATION_LEVEL = "-Onone";
			};
			name = Debug;
		};
		6B6B6B6B6B6B6B6B6B6B6B6B /* Release */ = {
			isa = XCBuildConfiguration;
			buildSettings = {
				ALWAYS_SEARCH_USER_PATHS = NO;
				ASSETCATALOG_COMPILER_GENERATE_SWIFT_ASSET_SYMBOL_EXTENSIONS = YES;
				CLANG_ANALYZER_NONNULL = YES;
				CLANG_ANALYZER_NUMBER_OBJECT_CONVERSION = YES_AGGRESSIVE;
				CLANG_CXX_LANGUAGE_STANDARD = "gnu++20";
				CLANG_ENABLE_MODULES = YES;
				CLANG_ENABLE_OBJC_ARC = YES;
				CLANG_ENABLE_OBJC_WEAK = YES;
				CLANG_WARN_BLOCK_CAPTURE_AUTORELEASING = YES;
				CLANG_WARN_BOOL_CONVERSION = YES;
				CLANG_WARN_COMMA = YES;
				CLANG_WARN_CONSTANT_CONVERSION = YES;
				CLANG_WARN_DEPRECATED_OBJC_IMPLEMENTATIONS = YES;
				CLANG_WARN_DIRECT_OBJC_ISA_USAGE = YES_ERROR;
				CLANG_WARN_DOCUMENTATION_COMMENTS = YES;
				CLANG_WARN_EMPTY_BODY = YES;
				CLANG_WARN_ENUM_CONVERSION = YES;
				CLANG_WARN_INFINITE_RECURSION = YES;
				CLANG_WARN_INT_CONVERSION = YES;
				CLANG_WARN_NON_LITERAL_NULL_CONVERSION = YES;
				CLANG_WARN_OBJC_IMPLICIT_RETAIN_SELF = YES;
				CLANG_WARN_OBJC_LITERAL_CONVERSION = YES;
				CLANG_WARN_OBJC_ROOT_CLASS = YES_ERROR;
				CLANG_WARN_QUOTED_INCLUDE_IN_FRAMEWORK_HEADER = YES;
				CLANG_WARN_RANGE_LOOP_ANALYSIS = YES;
				CLANG_WARN_STRICT_PROTOTYPES = YES;
				CLANG_WARN_SUSPICIOUS_MOVE = YES;
				CLANG_WARN_UNGUARDED_AVAILABILITY = YES_AGGRESSIVE;
				CLANG_WARN_UNREACHABLE_CODE = YES;
				CLANG_WARN__DUPLICATE_METHOD_MATCH = YES;
				COPY_PHASE_STRIP = NO;
				DEBUG_INFORMATION_FORMAT = "dwarf-with-dsym";
				ENABLE_NS_ASSERTIONS = NO;
				ENABLE_STRICT_OBJC_MSGSEND = YES;
				ENABLE_USER_SCRIPT_SANDBOXING = YES;
				GCC_C_LANGUAGE_STANDARD = gnu17;
				GCC_NO_COMMON_BLOCKS = YES;
				GCC_WARN_64_TO_32_BIT_CONVERSION = YES;
				GCC_WARN_ABOUT_RETURN_TYPE = YES_ERROR;
				GCC_WARN_UNDECLARED_SELECTOR = YES;
				GCC_WARN_UNINITIALIZED_AUTOS = YES_AGGRESSIVE;
				GCC_WARN_UNUSED_FUNCTION = YES;
				GCC_WARN_UNUSED_VARIABLE = YES;
				LOCALIZATION_PREFERS_STRING_CATALOGS = YES;
				MACOSX_DEPLOYMENT_TARGET = 14.2;
				MTL_ENABLE_DEBUG_INFO = NO;
				MTL_FAST_MATH = YES;
				SDKROOT = macosx;
				SWIFT_COMPILATION_MODE = wholemodule;
			};
			name = Release;
		};
		6C6C6C6C6C6C6C6C6C6C6C6C /* Debug */ = {
			isa = XCBuildConfiguration;
			buildSettings = {
				ASSETCATALOG_COMPILER_APPICON_NAME = AppIcon;
				ASSETCATALOG_COMPILER_GLOBAL_ACCENT_COLOR_NAME = AccentColor;
				CODE_SIGN_STYLE = Automatic;
				CODE_SIGN_ENTITLEMENTS = WhisperNote/WhisperNote.entitlements;
				COMBINE_HIDPI_IMAGES = YES;
				CURRENT_PROJECT_VERSION = 1;
				DEVELOPMENT_ASSET_PATHS = "";
				DEVELOPMENT_TEAM = "";
				ENABLE_PREVIEWS = YES;
				GENERATE_INFOPLIST_FILE = YES;
				INFOPLIST_FILE = WhisperNote/Info.plist;
				INFOPLIST_KEY_NSDesktopFolderUsageDescription = "WhisperNote needs access to save recordings to your selected folder.";
				INFOPLIST_KEY_NSDocumentsFolderUsageDescription = "WhisperNote needs access to save recordings to your selected folder.";
				INFOPLIST_KEY_NSDownloadsFolderUsageDescription = "WhisperNote needs access to save recordings to your selected folder.";
				INFOPLIST_KEY_NSFileProviderDomainUsageDescription = "WhisperNote needs access to save recordings to your selected folder.";
				INFOPLIST_KEY_NSHumanReadableCopyright = "";
				INFOPLIST_KEY_NSMicrophoneUsageDescription = "WhisperNote needs access to your microphone to record audio for transcription.";
				LD_RUNPATH_SEARCH_PATHS = (
					"$(inherited)",
					"@executable_path/../Frameworks",
				);
				MARKETING_VERSION = 1.4.9;
				PRODUCT_BUNDLE_IDENTIFIER = com.czapiewski.whispernote;
				PRODUCT_NAME = "$(TARGET_NAME)";
				PROVISIONING_PROFILE_SPECIFIER = "";
				SWIFT_EMIT_LOC_STRINGS = YES;
				SWIFT_VERSION = 5.0;
			};
			name = Debug;
		};
		6D6D6D6D6D6D6D6D6D6D6D6D /* Release */ = {
			isa = XCBuildConfiguration;
			buildSettings = {
				ASSETCATALOG_COMPILER_APPICON_NAME = AppIcon;
				ASSETCATALOG_COMPILER_GLOBAL_ACCENT_COLOR_NAME = AccentColor;
				CODE_SIGN_STYLE = Automatic;
				CODE_SIGN_ENTITLEMENTS = WhisperNote/WhisperNote.entitlements;
				COMBINE_HIDPI_IMAGES = YES;
				CURRENT_PROJECT_VERSION = 1;
				DEVELOPMENT_ASSET_PATHS = "";
				DEVELOPMENT_TEAM = "";
				ENABLE_PREVIEWS = YES;
				GENERATE_INFOPLIST_FILE = YES;
				INFOPLIST_FILE = WhisperNote/Info.plist;
				INFOPLIST_KEY_NSDesktopFolderUsageDescription = "WhisperNote needs access to save recordings to your selected folder.";
				INFOPLIST_KEY_NSDocumentsFolderUsageDescription = "WhisperNote needs access to save recordings to your selected folder.";
				INFOPLIST_KEY_NSDownloadsFolderUsageDescription = "WhisperNote needs access to save recordings to your selected folder.";
				INFOPLIST_KEY_NSFileProviderDomainUsageDescription = "WhisperNote needs access to save recordings to your selected folder.";
				INFOPLIST_KEY_NSHumanReadableCopyright = "";
				INFOPLIST_KEY_NSMicrophoneUsageDescription = "WhisperNote needs access to your microphone to record audio for transcription.";
				LD_RUNPATH_SEARCH_PATHS = (
					"$(inherited)",
					"@executable_path/../Frameworks",
				);
				MARKETING_VERSION = 1.4.9;
				PRODUCT_BUNDLE_IDENTIFIER = com.czapiewski.whispernote;
				PRODUCT_NAME = "$(TARGET_NAME)";
				PROVISIONING_PROFILE_SPECIFIER = "";
				SWIFT_EMIT_LOC_STRINGS = YES;
				SWIFT_VERSION = 5.0;
			};
			name = Release;
		};
		F60000000000000000000001 /* Debug */ = {
			isa = XCBuildConfiguration;
			buildSettings = {
				BUNDLE_LOADER = "$(TEST_HOST)";
				CODE_SIGN_STYLE = Automatic;
				CURRENT_PROJECT_VERSION = 1;
				GENERATE_INFOPLIST_FILE = YES;
				MACOSX_DEPLOYMENT_TARGET = 14.2;
				PRODUCT_BUNDLE_IDENTIFIER = com.czapiewski.whispernote.tests;
				PRODUCT_NAME = "$(TARGET_NAME)";
				SWIFT_VERSION = 5.0;
				TEST_HOST = "$(BUILT_PRODUCTS_DIR)/WhisperNote.app/Contents/MacOS/WhisperNote";
			};
			name = Debug;
		};
		F60000000000000000000002 /* Release */ = {
			isa = XCBuildConfiguration;
			buildSettings = {
				BUNDLE_LOADER = "$(TEST_HOST)";
				CODE_SIGN_STYLE = Automatic;
				CURRENT_PROJECT_VERSION = 1;
				GENERATE_INFOPLIST_FILE = YES;
				MACOSX_DEPLOYMENT_TARGET = 14.2;
				PRODUCT_BUNDLE_IDENTIFIER = com.czapiewski.whispernote.tests;
				PRODUCT_NAME = "$(TARGET_NAME)";
				SWIFT_VERSION = 5.0;
				TEST_HOST = "$(BUILT_PRODUCTS_DIR)/WhisperNote.app/Contents/MacOS/WhisperNote";
			};
			name = Release;
		};
/* End XCBuildConfiguration section */

/* Begin XCConfigurationList section */
		0C0C0C0C0C0C0C0C0C0C0C0C /* Build configuration list for PBXNativeTarget "WhisperNote" */ = {
			isa = XCConfigurationList;
			buildConfigurations = (
				6C6C6C6C6C6C6C6C6C6C6C6C /* Debug */,
				6D6D6D6D6D6D6D6D6D6D6D6D /* Release */,
			);
			defaultConfigurationIsVisible = 0;
			defaultConfigurationName = Release;
		};
		F50000000000000000000001 /* Build configuration list for PBXNativeTarget "WhisperNoteTests" */ = {
			isa = XCConfigurationList;
			buildConfigurations = (
				F60000000000000000000001 /* Debug */,
				F60000000000000000000002 /* Release */,
			);
			defaultConfigurationIsVisible = 0;
			defaultConfigurationName = Release;
		};
		1010101010101010101010 /* Build configuration list for PBXProject "WhisperNote" */ = {
			isa = XCConfigurationList;
			buildConfigurations = (
				6A6A6A6A6A6A6A6A6A6A6A6A /* Debug */,
				6B6B6B6B6B6B6B6B6B6B6B6B /* Release */,
			);
			defaultConfigurationIsVisible = 0;
			defaultConfigurationName = Release;
		};
/* End XCConfigurationList section */

/* Begin XCRemoteSwiftPackageReference section */
		70063B072DCA8CC700590413 /* XCRemoteSwiftPackageReference "swift-markdown-ui" */ = {
			isa = XCRemoteSwiftPackageReference;
			repositoryURL = "https://github.com/gonzalezreal/swift-markdown-ui";
			requirement = {
				kind = upToNextMajorVersion;
				minimumVersion = 2.4.1;
			};
		};
/* End XCRemoteSwiftPackageReference section */

/* Begin XCSwiftPackageProductDependency section */
		70063B082DCA8CC700590413 /* MarkdownUI */ = {
			isa = XCSwiftPackageProductDependency;
			package = 70063B072DCA8CC700590413 /* XCRemoteSwiftPackageReference "swift-markdown-ui" */;
			productName = MarkdownUI;
		};
/* End XCSwiftPackageProductDependency section */
	};
	rootObject = 0F0F0F0F0F0F0F0F0F0F0F0F /* Project object */;
}
